
Microsoft Visual Studio Solution File, Format Version 12.00
# Visual Studio Version 17
VisualStudioVersion = 17.5.002.0
MinimumVisualStudioVersion = 10.0.40219.1
Project("{9A19103F-16F7-4668-BE54-9A1E7A4F7556}") = "ismael-A2", "ismael-A2.csproj", "{2068A47F-36D0-433B-828B-28DB8CAE563C}"
EndProject
Global
	GlobalSection(SolutionConfigurationPlatforms) = preSolution
		Debug|Any CPU = Debug|Any CPU
		Release|Any CPU = Release|Any CPU
	EndGlobalSection
	GlobalSection(ProjectConfigurationPlatforms) = postSolution
		{2068A47F-36D0-433B-828B-28DB8CAE563C}.Debug|Any CPU.ActiveCfg = Debug|Any CPU
		{2068A47F-36D0-433B-828B-28DB8CAE563C}.Debug|Any CPU.Build.0 = Debug|Any CPU
		{2068A47F-36D0-433B-828B-28DB8CAE563C}.Release|Any CPU.ActiveCfg = Release|Any CPU
		{2068A47F-36D0-433B-828B-28DB8CAE563C}.Release|Any CPU.Build.0 = Release|Any CPU
	EndGlobalSection
	GlobalSection(SolutionProperties) = preSolution
		HideSolutionNode = FALSE
	EndGlobalSection
	GlobalSection(ExtensibilityGlobals) = postSolution
		SolutionGuid = {82AE171B-BBFE-4418-AF60-179E7635A215}
	EndGlobalSection
EndGlobal
